
Microsoft Visual Studio Solution File, Format Version 12.00
# Visual Studio Version 17
VisualStudioVersion = 17.0.32126.317
MinimumVisualStudioVersion = 10.0.40219.1
Project("{FAE04EC0-301F-11D3-BF4B-00C04F79EFBC}") = "20042022", "20042022\20042022.csproj", "{F0FA394A-E319-4ABA-982E-861AC025DF5E}"
EndProject
Global
	GlobalSection(SolutionConfigurationPlatforms) = preSolution
		Debug|Any CPU = Debug|Any CPU
		Release|Any CPU = Release|Any CPU
	EndGlobalSection
	GlobalSection(ProjectConfigurationPlatforms) = postSolution
		{F0FA394A-E319-4ABA-982E-861AC025DF5E}.Debug|Any CPU.ActiveCfg = Debug|Any CPU
		{F0FA394A-E319-4ABA-982E-861AC025DF5E}.Debug|Any CPU.Build.0 = Debug|Any CPU
		{F0FA394A-E319-4ABA-982E-861AC025DF5E}.Release|Any CPU.ActiveCfg = Release|Any CPU
		{F0FA394A-E319-4ABA-982E-861AC025DF5E}.Release|Any CPU.Build.0 = Release|Any CPU
	EndGlobalSection
	GlobalSection(SolutionProperties) = preSolution
		HideSolutionNode = FALSE
	EndGlobalSection
	GlobalSection(ExtensibilityGlobals) = postSolution
		SolutionGuid = {20D3B08E-A56C-4D32-A1F3-2C23964C2CD4}
	EndGlobalSection
EndGlobal
